// !$*UTF8*$!
{
	archiveVersion = 1;
	classes = {
	};
	objectVersion = 46;
	objects = {

/* Begin PBXBuildFile section */
		28819DAB1F17683900FABEA6 /* main.m in Sources */ = {isa = PBXBuildFile; fileRef = 28819DAA1F17683900FABEA6 /* main.m */; };
		28819DAE1F17683900FABEA6 /* AppDelegate.m in Sources */ = {isa = PBXBuildFile; fileRef = 28819DAD1F17683900FABEA6 /* AppDelegate.m */; };
		28819DB11F17683900FABEA6 /* ViewController.m in Sources */ = {isa = PBXBuildFile; fileRef = 28819DB01F17683900FABEA6 /* ViewController.m */; };
		28819DB41F17683900FABEA6 /* Main.storyboard in Resources */ = {isa = PBXBuildFile; fileRef = 28819DB21F17683900FABEA6 /* Main.storyboard */; };
		28819DB61F17683900FABEA6 /* Assets.xcassets in Resources */ = {isa = PBXBuildFile; fileRef = 28819DB51F17683900FABEA6 /* Assets.xcassets */; };
		28819DB91F17683900FABEA6 /* LaunchScreen.storyboard in Resources */ = {isa = PBXBuildFile; fileRef = 28819DB71F17683900FABEA6 /* LaunchScreen.storyboard */; };
		28819DC61F176EE400FABEA6 /* libz.tbd in Frameworks */ = {isa = PBXBuildFile; fileRef = 28819DC51F176EE400FABEA6 /* libz.tbd */; };
		28819DC81F176EF500FABEA6 /* libsqlite3.tbd in Frameworks */ = {isa = PBXBuildFile; fileRef = 28819DC71F176EF500FABEA6 /* libsqlite3.tbd */; };
		28819DCA1F176EFC00FABEA6 /* AVFoundation.framework in Frameworks */ = {isa = PBXBuildFile; fileRef = 28819DC91F176EFC00FABEA6 /* AVFoundation.framework */; };
		28E84DDC1F231E890015D571 /* PlayableAdsSDK.bundle in Resources */ = {isa = PBXBuildFile; fileRef = 28E84DDA1F231E890015D571 /* PlayableAdsSDK.bundle */; };
		28E84DDD1F231E890015D571 /* PlayableAdsSDK.framework in Frameworks */ = {isa = PBXBuildFile; fileRef = 28E84DDB1F231E890015D571 /* PlayableAdsSDK.framework */; };
/* End PBXBuildFile section */

/* Begin PBXFileReference section */
		28819DA61F17683900FABEA6 /* PlayableAdsTest.app */ = {isa = PBXFileReference; explicitFileType = wrapper.application; includeInIndex = 0; path = PlayableAdsTest.app; sourceTree = BUILT_PRODUCTS_DIR; };
		28819DAA1F17683900FABEA6 /* main.m */ = {isa = PBXFileReference; lastKnownFileType = sourcecode.c.objc; path = main.m; sourceTree = "<group>"; };
		28819DAC1F17683900FABEA6 /* AppDelegate.h */ = {isa = PBXFileReference; lastKnownFileType = sourcecode.c.h; path = AppDelegate.h; sourceTree = "<group>"; };
		28819DAD1F17683900FABEA6 /* AppDelegate.m */ = {isa = PBXFileReference; lastKnownFileType = sourcecode.c.objc; path = AppDelegate.m; sourceTree = "<group>"; };
		28819DAF1F17683900FABEA6 /* ViewController.h */ = {isa = PBXFileReference; lastKnownFileType = sourcecode.c.h; path = ViewController.h; sourceTree = "<group>"; };
		28819DB01F17683900FABEA6 /* ViewController.m */ = {isa = PBXFileReference; lastKnownFileType = sourcecode.c.objc; path = ViewController.m; sourceTree = "<group>"; };
		28819DB31F17683900FABEA6 /* Base */ = {isa = PBXFileReference; lastKnownFileType = file.storyboard; name = Base; path = Base.lproj/Main.storyboard; sourceTree = "<group>"; };
		28819DB51F17683900FABEA6 /* Assets.xcassets */ = {isa = PBXFileReference; lastKnownFileType = folder.assetcatalog; path = Assets.xcassets; sourceTree = "<group>"; };
		28819DB81F17683900FABEA6 /* Base */ = {isa = PBXFileReference; lastKnownFileType = file.storyboard; name = Base; path = Base.lproj/LaunchScreen.storyboard; sourceTree = "<group>"; };
		28819DBA1F17683900FABEA6 /* Info.plist */ = {isa = PBXFileReference; lastKnownFileType = text.plist.xml; path = Info.plist; sourceTree = "<group>"; };
		28819DC51F176EE400FABEA6 /* libz.tbd */ = {isa = PBXFileReference; lastKnownFileType = "sourcecode.text-based-dylib-definition"; name = libz.tbd; path = usr/lib/libz.tbd; sourceTree = SDKROOT; };
		28819DC71F176EF500FABEA6 /* libsqlite3.tbd */ = {isa = PBXFileReference; lastKnownFileType = "sourcecode.text-based-dylib-definition"; name = libsqlite3.tbd; path = usr/lib/libsqlite3.tbd; sourceTree = SDKROOT; };
		28819DC91F176EFC00FABEA6 /* AVFoundation.framework */ = {isa = PBXFileReference; lastKnownFileType = wrapper.framework; name = AVFoundation.framework; path = System/Library/Frameworks/AVFoundation.framework; sourceTree = SDKROOT; };
		28E84DDA1F231E890015D571 /* PlayableAdsSDK.bundle */ = {isa = PBXFileReference; lastKnownFileType = "wrapper.plug-in"; path = PlayableAdsSDK.bundle; sourceTree = SOURCE_ROOT; };
		28E84DDB1F231E890015D571 /* PlayableAdsSDK.framework */ = {isa = PBXFileReference; lastKnownFileType = wrapper.framework; path = PlayableAdsSDK.framework; sourceTree = SOURCE_ROOT; };
/* End PBXFileReference section */

/* Begin PBXFrameworksBuildPhase section */
		28819DA31F17683900FABEA6 /* Frameworks */ = {
			isa = PBXFrameworksBuildPhase;
			buildActionMask = 2147483647;
			files = (
				28E84DDD1F231E890015D571 /* PlayableAdsSDK.framework in Frameworks */,
				28819DCA1F176EFC00FABEA6 /* AVFoundation.framework in Frameworks */,
				28819DC81F176EF500FABEA6 /* libsqlite3.tbd in Frameworks */,
				28819DC61F176EE400FABEA6 /* libz.tbd in Frameworks */,
			);
			runOnlyForDeploymentPostprocessing = 0;
		};
/* End PBXFrameworksBuildPhase section */

/* Begin PBXGroup section */
		28819D9D1F17683900FABEA6 = {
			isa = PBXGroup;
			children = (
				28819DA81F17683900FABEA6 /* PlayableAdsTest */,
				28819DA71F17683900FABEA6 /* Products */,
				28819DC41F176EE400FABEA6 /* Frameworks */,
			);
			sourceTree = "<group>";
		};
		28819DA71F17683900FABEA6 /* Products */ = {
			isa = PBXGroup;
			children = (
				28819DA61F17683900FABEA6 /* PlayableAdsTest.app */,
			);
			name = Products;
			sourceTree = "<group>";
		};
		28819DA81F17683900FABEA6 /* PlayableAdsTest */ = {
			isa = PBXGroup;
			children = (
				28E84DDA1F231E890015D571 /* PlayableAdsSDK.bundle */,
				28E84DDB1F231E890015D571 /* PlayableAdsSDK.framework */,
				28819DAC1F17683900FABEA6 /* AppDelegate.h */,
				28819DAD1F17683900FABEA6 /* AppDelegate.m */,
				28819DAF1F17683900FABEA6 /* ViewController.h */,
				28819DB01F17683900FABEA6 /* ViewController.m */,
				28819DB21F17683900FABEA6 /* Main.storyboard */,
				28819DB51F17683900FABEA6 /* Assets.xcassets */,
				28819DB71F17683900FABEA6 /* LaunchScreen.storyboard */,
				28819DBA1F17683900FABEA6 /* Info.plist */,
				28819DA91F17683900FABEA6 /* Supporting Files */,
			);
			path = PlayableAdsTest;
			sourceTree = "<group>";
		};
		28819DA91F17683900FABEA6 /* Supporting Files */ = {
			isa = PBXGroup;
			children = (
				28819DAA1F17683900FABEA6 /* main.m */,
			);
			name = "Supporting Files";
			sourceTree = "<group>";
		};
		28819DC41F176EE400FABEA6 /* Frameworks */ = {
			isa = PBXGroup;
			children = (
				28819DC91F176EFC00FABEA6 /* AVFoundation.framework */,
				28819DC71F176EF500FABEA6 /* libsqlite3.tbd */,
				28819DC51F176EE400FABEA6 /* libz.tbd */,
			);
			name = Frameworks;
			sourceTree = "<group>";
		};
/* End PBXGroup section */

/* Begin PBXNativeTarget section */
		28819DA51F17683900FABEA6 /* PlayableAdsTest */ = {
			isa = PBXNativeTarget;
			buildConfigurationList = 28819DBD1F17683900FABEA6 /* Build configuration list for PBXNativeTarget "PlayableAdsTest" */;
			buildPhases = (
				28819DA21F17683900FABEA6 /* Sources */,
				28819DA31F17683900FABEA6 /* Frameworks */,
				28819DA41F17683900FABEA6 /* Resources */,
			);
			buildRules = (
			);
			dependencies = (
			);
			name = PlayableAdsTest;
			productName = PlayableAdsTest;
			productReference = 28819DA61F17683900FABEA6 /* PlayableAdsTest.app */;
			productType = "com.apple.product-type.application";
		};
/* End PBXNativeTarget section */

/* Begin PBXProject section */
		28819D9E1F17683900FABEA6 /* Project object */ = {
			isa = PBXProject;
			attributes = {
				LastUpgradeCheck = 0830;
				ORGANIZATIONNAME = huobanbengkui;
				TargetAttributes = {
					28819DA51F17683900FABEA6 = {
						CreatedOnToolsVersion = 8.3.3;
						DevelopmentTeam = 5TE7DV89BW;
						ProvisioningStyle = Automatic;
					};
				};
			};
			buildConfigurationList = 28819DA11F17683900FABEA6 /* Build configuration list for PBXProject "PlayableAdsTest" */;
			compatibilityVersion = "Xcode 3.2";
			developmentRegion = English;
			hasScannedForEncodings = 0;
			knownRegions = (
				en,
				Base,
			);
			mainGroup = 28819D9D1F17683900FABEA6;
			productRefGroup = 28819DA71F17683900FABEA6 /* Products */;
			projectDirPath = "";
			projectRoot = "";
			targets = (
				28819DA51F17683900FABEA6 /* PlayableAdsTest */,
			);
		};
/* End PBXProject section */

/* Begin PBXResourcesBuildPhase section */
		28819DA41F17683900FABEA6 /* Resources */ = {
			isa = PBXResourcesBuildPhase;
			buildActionMask = 2147483647;
			files = (
				28819DB91F17683900FABEA6 /* LaunchScreen.storyboard in Resources */,
				28E84DDC1F231E890015D571 /* PlayableAdsSDK.bundle in Resources */,
				28819DB61F17683900FABEA6 /* Assets.xcassets in Resources */,
				28819DB41F17683900FABEA6 /* Main.storyboard in Resources */,
			);
			runOnlyForDeploymentPostprocessing = 0;
		};
/* End PBXResourcesBuildPhase section */

/* Begin PBXSourcesBuildPhase section */
		28819DA21F17683900FABEA6 /* Sources */ = {
			isa = PBXSourcesBuildPhase;
			buildActionMask = 2147483647;
			files = (
				28819DB11F17683900FABEA6 /* ViewController.m in Sources */,
				28819DAE1F17683900FABEA6 /* AppDelegate.m in Sources */,
				28819DAB1F17683900FABEA6 /* main.m in Sources */,
			);
			runOnlyForDeploymentPostprocessing = 0;
		};
/* End PBXSourcesBuildPhase section */

/* Begin PBXVariantGroup section */
		28819DB21F17683900FABEA6 /* Main.storyboard */ = {
			isa = PBXVariantGroup;
			children = (
				28819DB31F17683900FABEA6 /* Base */,
			);
			name = Main.storyboard;
			sourceTree = "<group>";
		};
		28819DB71F17683900FABEA6 /* LaunchScreen.storyboard */ = {
			isa = PBXVariantGroup;
			children = (
				28819DB81F17683900FABEA6 /* Base */,
			);
			name = LaunchScreen.storyboard;
			sourceTree = "<group>";
		};
/* End PBXVariantGroup section */

/* Begin XCBuildConfiguration section */
		28819DBB1F17683900FABEA6 /* Debug */ = {
			isa = XCBuildConfiguration;
			buildSettings = {
				ALWAYS_SEARCH_USER_PATHS = NO;
				CLANG_ANALYZER_NONNULL = YES;
				CLANG_ANALYZER_NUMBER_OBJECT_CONVERSION = YES_AGGRESSIVE;
				CLANG_CXX_LANGUAGE_STANDARD = "gnu++0x";
				CLANG_CXX_LIBRARY = "libc++";
				CLANG_ENABLE_MODULES = YES;
				CLANG_ENABLE_OBJC_ARC = YES;
				CLANG_WARN_BOOL_CONVERSION = YES;
				CLANG_WARN_CONSTANT_CONVERSION = YES;
				CLANG_WARN_DIRECT_OBJC_ISA_USAGE = YES_ERROR;
				CLANG_WARN_DOCUMENTATION_COMMENTS = YES;
				CLANG_WARN_EMPTY_BODY = YES;
				CLANG_WARN_ENUM_CONVERSION = YES;
				CLANG_WARN_INFINITE_RECURSION = YES;
				CLANG_WARN_INT_CONVERSION = YES;
				CLANG_WARN_OBJC_ROOT_CLASS = YES_ERROR;
				CLANG_WARN_SUSPICIOUS_MOVE = YES;
				CLANG_WARN_UNREACHABLE_CODE = YES;
				CLANG_WARN__DUPLICATE_METHOD_MATCH = YES;
				"CODE_SIGN_IDENTITY[sdk=iphoneos*]" = "iPhone Developer";
				COPY_PHASE_STRIP = NO;
				DEBUG_INFORMATION_FORMAT = dwarf;
				ENABLE_STRICT_OBJC_MSGSEND = YES;
				ENABLE_TESTABILITY = YES;
				GCC_C_LANGUAGE_STANDARD = gnu99;
				GCC_DYNAMIC_NO_PIC = NO;
				GCC_NO_COMMON_BLOCKS = YES;
				GCC_OPTIMIZATION_LEVEL = 0;
				GCC_PREPROCESSOR_DEFINITIONS = (
					"DEBUG=1",
					"$(inherited)",
				);
				GCC_WARN_64_TO_32_BIT_CONVERSION = YES;
				GCC_WARN_ABOUT_RETURN_TYPE = YES_ERROR;
				GCC_WARN_UNDECLARED_SELECTOR = YES;
				GCC_WARN_UNINITIALIZED_AUTOS = YES_AGGRESSIVE;
				GCC_WARN_UNUSED_FUNCTION = YES;
				GCC_WARN_UNUSED_VARIABLE = YES;
				IPHONEOS_DEPLOYMENT_TARGET = 10.3;
				MTL_ENABLE_DEBUG_INFO = YES;
				ONLY_ACTIVE_ARCH = YES;
				SDKROOT = iphoneos;
			};
			name = Debug;
		};
		28819DBC1F17683900FABEA6 /* Release */ = {
			isa = XCBuildConfiguration;
			buildSettings = {
				ALWAYS_SEARCH_USER_PATHS = NO;
				CLANG_ANALYZER_NONNULL = YES;
				CLANG_ANALYZER_NUMBER_OBJECT_CONVERSION = YES_AGGRESSIVE;
				CLANG_CXX_LANGUAGE_STANDARD = "gnu++0x";
				CLANG_CXX_LIBRARY = "libc++";
				CLANG_ENABLE_MODULES = YES;
				CLANG_ENABLE_OBJC_ARC = YES;
				CLANG_WARN_BOOL_CONVERSION = YES;
				CLANG_WARN_CONSTANT_CONVERSION = YES;
				CLANG_WARN_DIRECT_OBJC_ISA_USAGE = YES_ERROR;
				CLANG_WARN_DOCUMENTATION_COMMENTS = YES;
				CLANG_WARN_EMPTY_BODY = YES;
				CLANG_WARN_ENUM_CONVERSION = YES;
				CLANG_WARN_INFINITE_RECURSION = YES;
				CLANG_WARN_INT_CONVERSION = YES;
				CLANG_WARN_OBJC_ROOT_CLASS = YES_ERROR;
				CLANG_WARN_SUSPICIOUS_MOVE = YES;
				CLANG_WARN_UNREACHABLE_CODE = YES;
				CLANG_WARN__DUPLICATE_METHOD_MATCH = YES;
				"CODE_SIGN_IDENTITY[sdk=iphoneos*]" = "iPhone Developer";
				COPY_PHASE_STRIP = NO;
				DEBUG_INFORMATION_FORMAT = "dwarf-with-dsym";
				ENABLE_NS_ASSERTIONS = NO;
				ENABLE_STRICT_OBJC_MSGSEND = YES;
				GCC_C_LANGUAGE_STANDARD = gnu99;
				GCC_NO_COMMON_BLOCKS = YES;
				GCC_WARN_64_TO_32_BIT_CONVERSION = YES;
				GCC_WARN_ABOUT_RETURN_TYPE = YES_ERROR;
				GCC_WARN_UNDECLARED_SELECTOR = YES;
				GCC_WARN_UNINITIALIZED_AUTOS = YES_AGGRESSIVE;
				GCC_WARN_UNUSED_FUNCTION = YES;
				GCC_WARN_UNUSED_VARIABLE = YES;
				IPHONEOS_DEPLOYMENT_TARGET = 10.3;
				MTL_ENABLE_DEBUG_INFO = NO;
				SDKROOT = iphoneos;
				VALIDATE_PRODUCT = YES;
			};
			name = Release;
		};
		28819DBE1F17683900FABEA6 /* Debug */ = {
			isa = XCBuildConfiguration;
			buildSettings = {
				ASSETCATALOG_COMPILER_APPICON_NAME = AppIcon;
				DEVELOPMENT_TEAM = 5TE7DV89BW;
				FRAMEWORK_SEARCH_PATHS = (
					"$(inherited)",
					"$(PROJECT_DIR)/PlayableAdsTest",
					"$(PROJECT_DIR)",
				);
				INFOPLIST_FILE = PlayableAdsTest/Info.plist;
				IPHONEOS_DEPLOYMENT_TARGET = 8.0;
				LD_RUNPATH_SEARCH_PATHS = "$(inherited) @executable_path/Frameworks";
				LIBRARY_SEARCH_PATHS = (
					"$(inherited)",
					"$(PROJECT_DIR)/PlayableAdsTest",
				);
				OTHER_LDFLAGS = (
					"-ObjC",
					"-fobjc-arc",
				);
				PRODUCT_BUNDLE_IDENTIFIER = com.avidly.adsdk1;
				PRODUCT_NAME = "$(TARGET_NAME)";
			};
			name = Debug;
		};
		28819DBF1F17683900FABEA6 /* Release */ = {
			isa = XCBuildConfiguration;
			buildSettings = {
				ASSETCATALOG_COMPILER_APPICON_NAME = AppIcon;
				DEVELOPMENT_TEAM = 5TE7DV89BW;
				FRAMEWORK_SEARCH_PATHS = (
					"$(inherited)",
					"$(PROJECT_DIR)/PlayableAdsTest",
					"$(PROJECT_DIR)",
				);
				INFOPLIST_FILE = PlayableAdsTest/Info.plist;
				IPHONEOS_DEPLOYMENT_TARGET = 8.0;
				LD_RUNPATH_SEARCH_PATHS = "$(inherited) @executable_path/Frameworks";
				LIBRARY_SEARCH_PATHS = (
					"$(inherited)",
					"$(PROJECT_DIR)/PlayableAdsTest",
				);
				OTHER_LDFLAGS = (
					"-ObjC",
					"-fobjc-arc",
				);
				PRODUCT_BUNDLE_IDENTIFIER = com.avidly.adsdk1;
				PRODUCT_NAME = "$(TARGET_NAME)";
			};
			name = Release;
		};
/* End XCBuildConfiguration section */

/* Begin XCConfigurationList section */
		28819DA11F17683900FABEA6 /* Build configuration list for PBXProject "PlayableAdsTest" */ = {
			isa = XCConfigurationList;
			buildConfigurations = (
				28819DBB1F17683900FABEA6 /* Debug */,
				28819DBC1F17683900FABEA6 /* Release */,
			);
			defaultConfigurationIsVisible = 0;
			defaultConfigurationName = Release;
		};
		28819DBD1F17683900FABEA6 /* Build configuration list for PBXNativeTarget "PlayableAdsTest" */ = {
			isa = XCConfigurationList;
			buildConfigurations = (
				28819DBE1F17683900FABEA6 /* Debug */,
				28819DBF1F17683900FABEA6 /* Release */,
			);
			defaultConfigurationIsVisible = 0;
			defaultConfigurationName = Release;
		};
/* End XCConfigurationList section */
	};
	rootObject = 28819D9E1F17683900FABEA6 /* Project object */;
}
